
Microsoft Visual Studio Solution File, Format Version 12.00
# Visual Studio Version 17
VisualStudioVersion = 17.5.33502.453
MinimumVisualStudioVersion = 10.0.40219.1
Project("{9A19103F-16F7-4668-BE54-9A1E7A4F7556}") = "Interview.API", "src\Interview.API\Interview.API.csproj", "{C1EAEBF3-398F-4548-B21A-752EEAF3D1DA}"
EndProject
Project("{2150E333-8FDC-42A3-9474-1A3956D46DE8}") = "Solution Items", "Solution Items", "{94D54A79-8B55-426E-A733-EE0C0CAF3FFE}"
	ProjectSection(SolutionItems) = preProject
		.gitattributes = .gitattributes
		.gitignore = .gitignore
		readme.md = readme.md
	EndProjectSection
EndProject
Global
	GlobalSection(SolutionConfigurationPlatforms) = preSolution
		Debug|Any CPU = Debug|Any CPU
		Release|Any CPU = Release|Any CPU
	EndGlobalSection
	GlobalSection(ProjectConfigurationPlatforms) = postSolution
		{C1EAEBF3-398F-4548-B21A-752EEAF3D1DA}.Debug|Any CPU.ActiveCfg = Debug|Any CPU
		{C1EAEBF3-398F-4548-B21A-752EEAF3D1DA}.Debug|Any CPU.Build.0 = Debug|Any CPU
		{C1EAEBF3-398F-4548-B21A-752EEAF3D1DA}.Release|Any CPU.ActiveCfg = Release|Any CPU
		{C1EAEBF3-398F-4548-B21A-752EEAF3D1DA}.Release|Any CPU.Build.0 = Release|Any CPU
	EndGlobalSection
	GlobalSection(SolutionProperties) = preSolution
		HideSolutionNode = FALSE
	EndGlobalSection
	GlobalSection(ExtensibilityGlobals) = postSolution
		SolutionGuid = {A2A98DA1-BB62-43A1-A014-AB486AA1B421}
	EndGlobalSection
EndGlobal
